
Microsoft Visual Studio Solution File, Format Version 12.00
# Visual Studio Version 17
VisualStudioVersion = 17.4.33122.133
MinimumVisualStudioVersion = 10.0.40219.1
Project("{FAE04EC0-301F-11D3-BF4B-00C04F79EFBC}") = "05_Velka", "05_Velka\05_Velka.csproj", "{AB9D9B71-8399-45DC-A895-8C3BE1F2398E}"
EndProject
Global
	GlobalSection(SolutionConfigurationPlatforms) = preSolution
		Debug|Any CPU = Debug|Any CPU
		Release|Any CPU = Release|Any CPU
	EndGlobalSection
	GlobalSection(ProjectConfigurationPlatforms) = postSolution
		{AB9D9B71-8399-45DC-A895-8C3BE1F2398E}.Debug|Any CPU.ActiveCfg = Debug|Any CPU
		{AB9D9B71-8399-45DC-A895-8C3BE1F2398E}.Debug|Any CPU.Build.0 = Debug|Any CPU
		{AB9D9B71-8399-45DC-A895-8C3BE1F2398E}.Release|Any CPU.ActiveCfg = Release|Any CPU
		{AB9D9B71-8399-45DC-A895-8C3BE1F2398E}.Release|Any CPU.Build.0 = Release|Any CPU
	EndGlobalSection
	GlobalSection(SolutionProperties) = preSolution
		HideSolutionNode = FALSE
	EndGlobalSection
	GlobalSection(ExtensibilityGlobals) = postSolution
		SolutionGuid = {EB57C431-19D5-4173-BA1C-10CB47B6D8B7}
	EndGlobalSection
EndGlobal
