
Microsoft Visual Studio Solution File, Format Version 12.00
# Visual Studio Version 17
VisualStudioVersion = 17.4.33122.133
MinimumVisualStudioVersion = 10.0.40219.1
Project("{FAE04EC0-301F-11D3-BF4B-00C04F79EFBC}") = "Tuote", "Tuote\Tuote.csproj", "{3E2B824D-3FDA-4866-BBBF-74B7FD58BE3A}"
EndProject
Global
	GlobalSection(SolutionConfigurationPlatforms) = preSolution
		Debug|Any CPU = Debug|Any CPU
		Release|Any CPU = Release|Any CPU
	EndGlobalSection
	GlobalSection(ProjectConfigurationPlatforms) = postSolution
		{3E2B824D-3FDA-4866-BBBF-74B7FD58BE3A}.Debug|Any CPU.ActiveCfg = Debug|Any CPU
		{3E2B824D-3FDA-4866-BBBF-74B7FD58BE3A}.Debug|Any CPU.Build.0 = Debug|Any CPU
		{3E2B824D-3FDA-4866-BBBF-74B7FD58BE3A}.Release|Any CPU.ActiveCfg = Release|Any CPU
		{3E2B824D-3FDA-4866-BBBF-74B7FD58BE3A}.Release|Any CPU.Build.0 = Release|Any CPU
	EndGlobalSection
	GlobalSection(SolutionProperties) = preSolution
		HideSolutionNode = FALSE
	EndGlobalSection
	GlobalSection(ExtensibilityGlobals) = postSolution
		SolutionGuid = {C5E56ADC-C640-4E4F-B9E0-846DF54B3A1B}
	EndGlobalSection
EndGlobal
