
Microsoft Visual Studio Solution File, Format Version 12.00
# Visual Studio Version 17
VisualStudioVersion = 17.4.33122.133
MinimumVisualStudioVersion = 10.0.40219.1
Project("{FAE04EC0-301F-11D3-BF4B-00C04F79EFBC}") = "06_Musiikkikappale", "06_Musiikkikappale\06_Musiikkikappale.csproj", "{F76DDD3F-B86A-4D38-9CF1-C30F6401602B}"
EndProject
Global
	GlobalSection(SolutionConfigurationPlatforms) = preSolution
		Debug|Any CPU = Debug|Any CPU
		Release|Any CPU = Release|Any CPU
	EndGlobalSection
	GlobalSection(ProjectConfigurationPlatforms) = postSolution
		{F76DDD3F-B86A-4D38-9CF1-C30F6401602B}.Debug|Any CPU.ActiveCfg = Debug|Any CPU
		{F76DDD3F-B86A-4D38-9CF1-C30F6401602B}.Debug|Any CPU.Build.0 = Debug|Any CPU
		{F76DDD3F-B86A-4D38-9CF1-C30F6401602B}.Release|Any CPU.ActiveCfg = Release|Any CPU
		{F76DDD3F-B86A-4D38-9CF1-C30F6401602B}.Release|Any CPU.Build.0 = Release|Any CPU
	EndGlobalSection
	GlobalSection(SolutionProperties) = preSolution
		HideSolutionNode = FALSE
	EndGlobalSection
	GlobalSection(ExtensibilityGlobals) = postSolution
		SolutionGuid = {661A449C-42CE-44EA-AECB-22CA7732345B}
	EndGlobalSection
EndGlobal
